// !$*UTF8*$!
{
	archiveVersion = 1;
	classes = {
	};
	objectVersion = 56;
	objects = {

/* Begin PBXBuildFile section */
		D811C11E2BF38D4800EA8163 /* ProfileViewController.swift in Sources */ = {isa = PBXBuildFile; fileRef = D811C11D2BF38D4800EA8163 /* ProfileViewController.swift */; };
		D811C1212BF3992F00EA8163 /* ProfileDataView.swift in Sources */ = {isa = PBXBuildFile; fileRef = D811C1202BF3992F00EA8163 /* ProfileDataView.swift */; };
		D811C1232BF3B03000EA8163 /* ProfileCollectionViewCell.swift in Sources */ = {isa = PBXBuildFile; fileRef = D811C1222BF3B03000EA8163 /* ProfileCollectionViewCell.swift */; };
		D8A59BB72BF226C3001BA033 /* AppDelegate.swift in Sources */ = {isa = PBXBuildFile; fileRef = D8A59BB62BF226C3001BA033 /* AppDelegate.swift */; };
		D8A59BB92BF226C3001BA033 /* SceneDelegate.swift in Sources */ = {isa = PBXBuildFile; fileRef = D8A59BB82BF226C3001BA033 /* SceneDelegate.swift */; };
		D8A59BBB2BF226C3001BA033 /* FeedViewController.swift in Sources */ = {isa = PBXBuildFile; fileRef = D8A59BBA2BF226C3001BA033 /* FeedViewController.swift */; };
		D8A59BC02BF226C8001BA033 /* Assets.xcassets in Resources */ = {isa = PBXBuildFile; fileRef = D8A59BBF2BF226C8001BA033 /* Assets.xcassets */; };
		D8A59BC32BF226C8001BA033 /* Base in Resources */ = {isa = PBXBuildFile; fileRef = D8A59BC22BF226C8001BA033 /* Base */; };
		D8A59BCC2BF22775001BA033 /* SnapKit in Frameworks */ = {isa = PBXBuildFile; productRef = D8A59BCB2BF22775001BA033 /* SnapKit */; };
		D8A59BCE2BF22775001BA033 /* SnapKit-Dynamic in Frameworks */ = {isa = PBXBuildFile; productRef = D8A59BCD2BF22775001BA033 /* SnapKit-Dynamic */; };
		D8A59BD02BF23827001BA033 /* TabBarController.swift in Sources */ = {isa = PBXBuildFile; fileRef = D8A59BCF2BF23827001BA033 /* TabBarController.swift */; };
		D8A59BD32BF25091001BA033 /* FeedTableViewCell.swift in Sources */ = {isa = PBXBuildFile; fileRef = D8A59BD22BF25091001BA033 /* FeedTableViewCell.swift */; };
		D8A59BD52BF26DDB001BA033 /* UIButton+.swift in Sources */ = {isa = PBXBuildFile; fileRef = D8A59BD42BF26DDB001BA033 /* UIButton+.swift */; };
		D8B7900D2BF4FB6700950DEE /* UploadViewController.swift in Sources */ = {isa = PBXBuildFile; fileRef = D8B7900C2BF4FB6700950DEE /* UploadViewController.swift */; };
/* End PBXBuildFile section */

/* Begin PBXFileReference section */
		D811C11D2BF38D4800EA8163 /* ProfileViewController.swift */ = {isa = PBXFileReference; lastKnownFileType = sourcecode.swift; path = ProfileViewController.swift; sourceTree = "<group>"; };
		D811C1202BF3992F00EA8163 /* ProfileDataView.swift */ = {isa = PBXFileReference; lastKnownFileType = sourcecode.swift; path = ProfileDataView.swift; sourceTree = "<group>"; };
		D811C1222BF3B03000EA8163 /* ProfileCollectionViewCell.swift */ = {isa = PBXFileReference; lastKnownFileType = sourcecode.swift; path = ProfileCollectionViewCell.swift; sourceTree = "<group>"; };
		D8A59BB32BF226C3001BA033 /* FaUpIn04InstaMockup.app */ = {isa = PBXFileReference; explicitFileType = wrapper.application; includeInIndex = 0; path = FaUpIn04InstaMockup.app; sourceTree = BUILT_PRODUCTS_DIR; };
		D8A59BB62BF226C3001BA033 /* AppDelegate.swift */ = {isa = PBXFileReference; lastKnownFileType = sourcecode.swift; path = AppDelegate.swift; sourceTree = "<group>"; };
		D8A59BB82BF226C3001BA033 /* SceneDelegate.swift */ = {isa = PBXFileReference; lastKnownFileType = sourcecode.swift; path = SceneDelegate.swift; sourceTree = "<group>"; };
		D8A59BBA2BF226C3001BA033 /* FeedViewController.swift */ = {isa = PBXFileReference; lastKnownFileType = sourcecode.swift; path = FeedViewController.swift; sourceTree = "<group>"; };
		D8A59BBF2BF226C8001BA033 /* Assets.xcassets */ = {isa = PBXFileReference; lastKnownFileType = folder.assetcatalog; path = Assets.xcassets; sourceTree = "<group>"; };
		D8A59BC22BF226C8001BA033 /* Base */ = {isa = PBXFileReference; lastKnownFileType = file.storyboard; name = Base; path = Base.lproj/LaunchScreen.storyboard; sourceTree = "<group>"; };
		D8A59BC42BF226C8001BA033 /* Info.plist */ = {isa = PBXFileReference; lastKnownFileType = text.plist.xml; path = Info.plist; sourceTree = "<group>"; };
		D8A59BCF2BF23827001BA033 /* TabBarController.swift */ = {isa = PBXFileReference; lastKnownFileType = sourcecode.swift; path = TabBarController.swift; sourceTree = "<group>"; };
		D8A59BD22BF25091001BA033 /* FeedTableViewCell.swift */ = {isa = PBXFileReference; lastKnownFileType = sourcecode.swift; path = FeedTableViewCell.swift; sourceTree = "<group>"; };
		D8A59BD42BF26DDB001BA033 /* UIButton+.swift */ = {isa = PBXFileReference; lastKnownFileType = sourcecode.swift; path = "UIButton+.swift"; sourceTree = "<group>"; };
		D8B7900C2BF4FB6700950DEE /* UploadViewController.swift */ = {isa = PBXFileReference; lastKnownFileType = sourcecode.swift; path = UploadViewController.swift; sourceTree = "<group>"; };
/* End PBXFileReference section */

/* Begin PBXFrameworksBuildPhase section */
		D8A59BB02BF226C3001BA033 /* Frameworks */ = {
			isa = PBXFrameworksBuildPhase;
			buildActionMask = 2147483647;
			files = (
				D8A59BCC2BF22775001BA033 /* SnapKit in Frameworks */,
				D8A59BCE2BF22775001BA033 /* SnapKit-Dynamic in Frameworks */,
			);
			runOnlyForDeploymentPostprocessing = 0;
		};
/* End PBXFrameworksBuildPhase section */

/* Begin PBXGroup section */
		D811C11C2BF38D1000EA8163 /* Feed */ = {
			isa = PBXGroup;
			children = (
				D8A59BBA2BF226C3001BA033 /* FeedViewController.swift */,
				D8A59BD22BF25091001BA033 /* FeedTableViewCell.swift */,
				D8B7900C2BF4FB6700950DEE /* UploadViewController.swift */,
			);
			path = Feed;
			sourceTree = "<group>";
		};
		D811C11F2BF38D5600EA8163 /* Profile */ = {
			isa = PBXGroup;
			children = (
				D811C11D2BF38D4800EA8163 /* ProfileViewController.swift */,
				D811C1202BF3992F00EA8163 /* ProfileDataView.swift */,
				D811C1222BF3B03000EA8163 /* ProfileCollectionViewCell.swift */,
			);
			path = Profile;
			sourceTree = "<group>";
		};
		D8A59BAA2BF226C3001BA033 = {
			isa = PBXGroup;
			children = (
				D8A59BB52BF226C3001BA033 /* FaUpIn04InstaMockup */,
				D8A59BB42BF226C3001BA033 /* Products */,
			);
			sourceTree = "<group>";
		};
		D8A59BB42BF226C3001BA033 /* Products */ = {
			isa = PBXGroup;
			children = (
				D8A59BB32BF226C3001BA033 /* FaUpIn04InstaMockup.app */,
			);
			name = Products;
			sourceTree = "<group>";
		};
		D8A59BB52BF226C3001BA033 /* FaUpIn04InstaMockup */ = {
			isa = PBXGroup;
			children = (
				D8A59BB62BF226C3001BA033 /* AppDelegate.swift */,
				D8A59BB82BF226C3001BA033 /* SceneDelegate.swift */,
				D8A59BD42BF26DDB001BA033 /* UIButton+.swift */,
				D8A59BD12BF23840001BA033 /* Scenes */,
				D8A59BBF2BF226C8001BA033 /* Assets.xcassets */,
				D8A59BC12BF226C8001BA033 /* LaunchScreen.storyboard */,
				D8A59BC42BF226C8001BA033 /* Info.plist */,
			);
			path = FaUpIn04InstaMockup;
			sourceTree = "<group>";
		};
		D8A59BD12BF23840001BA033 /* Scenes */ = {
			isa = PBXGroup;
			children = (
				D811C11C2BF38D1000EA8163 /* Feed */,
				D8A59BCF2BF23827001BA033 /* TabBarController.swift */,
				D811C11F2BF38D5600EA8163 /* Profile */,
			);
			path = Scenes;
			sourceTree = "<group>";
		};
/* End PBXGroup section */

/* Begin PBXNativeTarget section */
		D8A59BB22BF226C3001BA033 /* FaUpIn04InstaMockup */ = {
			isa = PBXNativeTarget;
			buildConfigurationList = D8A59BC72BF226C8001BA033 /* Build configuration list for PBXNativeTarget "FaUpIn04InstaMockup" */;
			buildPhases = (
				D8A59BAF2BF226C3001BA033 /* Sources */,
				D8A59BB02BF226C3001BA033 /* Frameworks */,
				D8A59BB12BF226C3001BA033 /* Resources */,
			);
			buildRules = (
			);
			dependencies = (
			);
			name = FaUpIn04InstaMockup;
			packageProductDependencies = (
				D8A59BCB2BF22775001BA033 /* SnapKit */,
				D8A59BCD2BF22775001BA033 /* SnapKit-Dynamic */,
			);
			productName = FaUpIn04InstaMockup;
			productReference = D8A59BB32BF226C3001BA033 /* FaUpIn04InstaMockup.app */;
			productType = "com.apple.product-type.application";
		};
/* End PBXNativeTarget section */

/* Begin PBXProject section */
		D8A59BAB2BF226C3001BA033 /* Project object */ = {
			isa = PBXProject;
			attributes = {
				BuildIndependentTargetsInParallel = 1;
				LastSwiftUpdateCheck = 1530;
				LastUpgradeCheck = 1530;
				TargetAttributes = {
					D8A59BB22BF226C3001BA033 = {
						CreatedOnToolsVersion = 15.3;
					};
				};
			};
			buildConfigurationList = D8A59BAE2BF226C3001BA033 /* Build configuration list for PBXProject "FaUpIn04InstaMockup" */;
			compatibilityVersion = "Xcode 14.0";
			developmentRegion = en;
			hasScannedForEncodings = 0;
			knownRegions = (
				en,
				Base,
			);
			mainGroup = D8A59BAA2BF226C3001BA033;
			packageReferences = (
				D8A59BCA2BF22774001BA033 /* XCRemoteSwiftPackageReference "SnapKit" */,
			);
			productRefGroup = D8A59BB42BF226C3001BA033 /* Products */;
			projectDirPath = "";
			projectRoot = "";
			targets = (
				D8A59BB22BF226C3001BA033 /* FaUpIn04InstaMockup */,
			);
		};
/* End PBXProject section */

/* Begin PBXResourcesBuildPhase section */
		D8A59BB12BF226C3001BA033 /* Resources */ = {
			isa = PBXResourcesBuildPhase;
			buildActionMask = 2147483647;
			files = (
				D8A59BC02BF226C8001BA033 /* Assets.xcassets in Resources */,
				D8A59BC32BF226C8001BA033 /* Base in Resources */,
			);
			runOnlyForDeploymentPostprocessing = 0;
		};
/* End PBXResourcesBuildPhase section */

/* Begin PBXSourcesBuildPhase section */
		D8A59BAF2BF226C3001BA033 /* Sources */ = {
			isa = PBXSourcesBuildPhase;
			buildActionMask = 2147483647;
			files = (
				D8A59BBB2BF226C3001BA033 /* FeedViewController.swift in Sources */,
				D8B7900D2BF4FB6700950DEE /* UploadViewController.swift in Sources */,
				D811C1232BF3B03000EA8163 /* ProfileCollectionViewCell.swift in Sources */,
				D8A59BD52BF26DDB001BA033 /* UIButton+.swift in Sources */,
				D8A59BD02BF23827001BA033 /* TabBarController.swift in Sources */,
				D8A59BB72BF226C3001BA033 /* AppDelegate.swift in Sources */,
				D811C11E2BF38D4800EA8163 /* ProfileViewController.swift in Sources */,
				D8A59BB92BF226C3001BA033 /* SceneDelegate.swift in Sources */,
				D811C1212BF3992F00EA8163 /* ProfileDataView.swift in Sources */,
				D8A59BD32BF25091001BA033 /* FeedTableViewCell.swift in Sources */,
			);
			runOnlyForDeploymentPostprocessing = 0;
		};
/* End PBXSourcesBuildPhase section */

/* Begin PBXVariantGroup section */
		D8A59BC12BF226C8001BA033 /* LaunchScreen.storyboard */ = {
			isa = PBXVariantGroup;
			children = (
				D8A59BC22BF226C8001BA033 /* Base */,
			);
			name = LaunchScreen.storyboard;
			sourceTree = "<group>";
		};
/* End PBXVariantGroup section */

/* Begin XCBuildConfiguration section */
		D8A59BC52BF226C8001BA033 /* Debug */ = {
			isa = XCBuildConfiguration;
			buildSettings = {
				ALWAYS_SEARCH_USER_PATHS = NO;
				ASSETCATALOG_COMPILER_GENERATE_SWIFT_ASSET_SYMBOL_EXTENSIONS = YES;
				CLANG_ANALYZER_NONNULL = YES;
				CLANG_ANALYZER_NUMBER_OBJECT_CONVERSION = YES_AGGRESSIVE;
				CLANG_CXX_LANGUAGE_STANDARD = "gnu++20";
				CLANG_ENABLE_MODULES = YES;
				CLANG_ENABLE_OBJC_ARC = YES;
				CLANG_ENABLE_OBJC_WEAK = YES;
				CLANG_WARN_BLOCK_CAPTURE_AUTORELEASING = YES;
				CLANG_WARN_BOOL_CONVERSION = YES;
				CLANG_WARN_COMMA = YES;
				CLANG_WARN_CONSTANT_CONVERSION = YES;
				CLANG_WARN_DEPRECATED_OBJC_IMPLEMENTATIONS = YES;
				CLANG_WARN_DIRECT_OBJC_ISA_USAGE = YES_ERROR;
				CLANG_WARN_DOCUMENTATION_COMMENTS = YES;
				CLANG_WARN_EMPTY_BODY = YES;
				CLANG_WARN_ENUM_CONVERSION = YES;
				CLANG_WARN_INFINITE_RECURSION = YES;
				CLANG_WARN_INT_CONVERSION = YES;
				CLANG_WARN_NON_LITERAL_NULL_CONVERSION = YES;
				CLANG_WARN_OBJC_IMPLICIT_RETAIN_SELF = YES;
				CLANG_WARN_OBJC_LITERAL_CONVERSION = YES;
				CLANG_WARN_OBJC_ROOT_CLASS = YES_ERROR;
				CLANG_WARN_QUOTED_INCLUDE_IN_FRAMEWORK_HEADER = YES;
				CLANG_WARN_RANGE_LOOP_ANALYSIS = YES;
				CLANG_WARN_STRICT_PROTOTYPES = YES;
				CLANG_WARN_SUSPICIOUS_MOVE = YES;
				CLANG_WARN_UNGUARDED_AVAILABILITY = YES_AGGRESSIVE;
				CLANG_WARN_UNREACHABLE_CODE = YES;
				CLANG_WARN__DUPLICATE_METHOD_MATCH = YES;
				COPY_PHASE_STRIP = NO;
				DEBUG_INFORMATION_FORMAT = dwarf;
				ENABLE_STRICT_OBJC_MSGSEND = YES;
				ENABLE_TESTABILITY = YES;
				ENABLE_USER_SCRIPT_SANDBOXING = YES;
				GCC_C_LANGUAGE_STANDARD = gnu17;
				GCC_DYNAMIC_NO_PIC = NO;
				GCC_NO_COMMON_BLOCKS = YES;
				GCC_OPTIMIZATION_LEVEL = 0;
				GCC_PREPROCESSOR_DEFINITIONS = (
					"DEBUG=1",
					"$(inherited)",
				);
				GCC_WARN_64_TO_32_BIT_CONVERSION = YES;
				GCC_WARN_ABOUT_RETURN_TYPE = YES_ERROR;
				GCC_WARN_UNDECLARED_SELECTOR = YES;
				GCC_WARN_UNINITIALIZED_AUTOS = YES_AGGRESSIVE;
				GCC_WARN_UNUSED_FUNCTION = YES;
				GCC_WARN_UNUSED_VARIABLE = YES;
				IPHONEOS_DEPLOYMENT_TARGET = 17.4;
				LOCALIZATION_PREFERS_STRING_CATALOGS = YES;
				MTL_ENABLE_DEBUG_INFO = INCLUDE_SOURCE;
				MTL_FAST_MATH = YES;
				ONLY_ACTIVE_ARCH = YES;
				SDKROOT = iphoneos;
				SWIFT_ACTIVE_COMPILATION_CONDITIONS = "DEBUG $(inherited)";
				SWIFT_OPTIMIZATION_LEVEL = "-Onone";
			};
			name = Debug;
		};
		D8A59BC62BF226C8001BA033 /* Release */ = {
			isa = XCBuildConfiguration;
			buildSettings = {
				ALWAYS_SEARCH_USER_PATHS = NO;
				ASSETCATALOG_COMPILER_GENERATE_SWIFT_ASSET_SYMBOL_EXTENSIONS = YES;
				CLANG_ANALYZER_NONNULL = YES;
				CLANG_ANALYZER_NUMBER_OBJECT_CONVERSION = YES_AGGRESSIVE;
				CLANG_CXX_LANGUAGE_STANDARD = "gnu++20";
				CLANG_ENABLE_MODULES = YES;
				CLANG_ENABLE_OBJC_ARC = YES;
				CLANG_ENABLE_OBJC_WEAK = YES;
				CLANG_WARN_BLOCK_CAPTURE_AUTORELEASING = YES;
				CLANG_WARN_BOOL_CONVERSION = YES;
				CLANG_WARN_COMMA = YES;
				CLANG_WARN_CONSTANT_CONVERSION = YES;
				CLANG_WARN_DEPRECATED_OBJC_IMPLEMENTATIONS = YES;
				CLANG_WARN_DIRECT_OBJC_ISA_USAGE = YES_ERROR;
				CLANG_WARN_DOCUMENTATION_COMMENTS = YES;
				CLANG_WARN_EMPTY_BODY = YES;
				CLANG_WARN_ENUM_CONVERSION = YES;
				CLANG_WARN_INFINITE_RECURSION = YES;
				CLANG_WARN_INT_CONVERSION = YES;
				CLANG_WARN_NON_LITERAL_NULL_CONVERSION = YES;
				CLANG_WARN_OBJC_IMPLICIT_RETAIN_SELF = YES;
				CLANG_WARN_OBJC_LITERAL_CONVERSION = YES;
				CLANG_WARN_OBJC_ROOT_CLASS = YES_ERROR;
				CLANG_WARN_QUOTED_INCLUDE_IN_FRAMEWORK_HEADER = YES;
				CLANG_WARN_RANGE_LOOP_ANALYSIS = YES;
				CLANG_WARN_STRICT_PROTOTYPES = YES;
				CLANG_WARN_SUSPICIOUS_MOVE = YES;
				CLANG_WARN_UNGUARDED_AVAILABILITY = YES_AGGRESSIVE;
				CLANG_WARN_UNREACHABLE_CODE = YES;
				CLANG_WARN__DUPLICATE_METHOD_MATCH = YES;
				COPY_PHASE_STRIP = NO;
				DEBUG_INFORMATION_FORMAT = "dwarf-with-dsym";
				ENABLE_NS_ASSERTIONS = NO;
				ENABLE_STRICT_OBJC_MSGSEND = YES;
				ENABLE_USER_SCRIPT_SANDBOXING = YES;
				GCC_C_LANGUAGE_STANDARD = gnu17;
				GCC_NO_COMMON_BLOCKS = YES;
				GCC_WARN_64_TO_32_BIT_CONVERSION = YES;
				GCC_WARN_ABOUT_RETURN_TYPE = YES_ERROR;
				GCC_WARN_UNDECLARED_SELECTOR = YES;
				GCC_WARN_UNINITIALIZED_AUTOS = YES_AGGRESSIVE;
				GCC_WARN_UNUSED_FUNCTION = YES;
				GCC_WARN_UNUSED_VARIABLE = YES;
				IPHONEOS_DEPLOYMENT_TARGET = 17.4;
				LOCALIZATION_PREFERS_STRING_CATALOGS = YES;
				MTL_ENABLE_DEBUG_INFO = NO;
				MTL_FAST_MATH = YES;
				SDKROOT = iphoneos;
				SWIFT_COMPILATION_MODE = wholemodule;
				VALIDATE_PRODUCT = YES;
			};
			name = Release;
		};
		D8A59BC82BF226C8001BA033 /* Debug */ = {
			isa = XCBuildConfiguration;
			buildSettings = {
				ASSETCATALOG_COMPILER_APPICON_NAME = AppIcon;
				ASSETCATALOG_COMPILER_GLOBAL_ACCENT_COLOR_NAME = AccentColor;
				CODE_SIGN_STYLE = Automatic;
				CURRENT_PROJECT_VERSION = 1;
				GENERATE_INFOPLIST_FILE = YES;
				INFOPLIST_FILE = FaUpIn04InstaMockup/Info.plist;
				INFOPLIST_KEY_UIApplicationSupportsIndirectInputEvents = YES;
				INFOPLIST_KEY_UILaunchStoryboardName = LaunchScreen;
				INFOPLIST_KEY_UISupportedInterfaceOrientations_iPad = "UIInterfaceOrientationPortrait UIInterfaceOrientationPortraitUpsideDown UIInterfaceOrientationLandscapeLeft UIInterfaceOrientationLandscapeRight";
				INFOPLIST_KEY_UISupportedInterfaceOrientations_iPhone = "UIInterfaceOrientationPortrait UIInterfaceOrientationLandscapeLeft UIInterfaceOrientationLandscapeRight";
				LD_RUNPATH_SEARCH_PATHS = (
					"$(inherited)",
					"@executable_path/Frameworks",
				);
				MARKETING_VERSION = 1.0;
				PRODUCT_BUNDLE_IDENTIFIER = com.joe3524.FaUpIn04InstaMockup;
				PRODUCT_NAME = "$(TARGET_NAME)";
				SWIFT_EMIT_LOC_STRINGS = YES;
				SWIFT_VERSION = 5.0;
				TARGETED_DEVICE_FAMILY = "1,2";
			};
			name = Debug;
		};
		D8A59BC92BF226C8001BA033 /* Release */ = {
			isa = XCBuildConfiguration;
			buildSettings = {
				ASSETCATALOG_COMPILER_APPICON_NAME = AppIcon;
				ASSETCATALOG_COMPILER_GLOBAL_ACCENT_COLOR_NAME = AccentColor;
				CODE_SIGN_STYLE = Automatic;
				CURRENT_PROJECT_VERSION = 1;
				GENERATE_INFOPLIST_FILE = YES;
				INFOPLIST_FILE = FaUpIn04InstaMockup/Info.plist;
				INFOPLIST_KEY_UIApplicationSupportsIndirectInputEvents = YES;
				INFOPLIST_KEY_UILaunchStoryboardName = LaunchScreen;
				INFOPLIST_KEY_UISupportedInterfaceOrientations_iPad = "UIInterfaceOrientationPortrait UIInterfaceOrientationPortraitUpsideDown UIInterfaceOrientationLandscapeLeft UIInterfaceOrientationLandscapeRight";
				INFOPLIST_KEY_UISupportedInterfaceOrientations_iPhone = "UIInterfaceOrientationPortrait UIInterfaceOrientationLandscapeLeft UIInterfaceOrientationLandscapeRight";
				LD_RUNPATH_SEARCH_PATHS = (
					"$(inherited)",
					"@executable_path/Frameworks",
				);
				MARKETING_VERSION = 1.0;
				PRODUCT_BUNDLE_IDENTIFIER = com.joe3524.FaUpIn04InstaMockup;
				PRODUCT_NAME = "$(TARGET_NAME)";
				SWIFT_EMIT_LOC_STRINGS = YES;
				SWIFT_VERSION = 5.0;
				TARGETED_DEVICE_FAMILY = "1,2";
			};
			name = Release;
		};
/* End XCBuildConfiguration section */

/* Begin XCConfigurationList section */
		D8A59BAE2BF226C3001BA033 /* Build configuration list for PBXProject "FaUpIn04InstaMockup" */ = {
			isa = XCConfigurationList;
			buildConfigurations = (
				D8A59BC52BF226C8001BA033 /* Debug */,
				D8A59BC62BF226C8001BA033 /* Release */,
			);
			defaultConfigurationIsVisible = 0;
			defaultConfigurationName = Release;
		};
		D8A59BC72BF226C8001BA033 /* Build configuration list for PBXNativeTarget "FaUpIn04InstaMockup" */ = {
			isa = XCConfigurationList;
			buildConfigurations = (
				D8A59BC82BF226C8001BA033 /* Debug */,
				D8A59BC92BF226C8001BA033 /* Release */,
			);
			defaultConfigurationIsVisible = 0;
			defaultConfigurationName = Release;
		};
/* End XCConfigurationList section */

/* Begin XCRemoteSwiftPackageReference section */
		D8A59BCA2BF22774001BA033 /* XCRemoteSwiftPackageReference "SnapKit" */ = {
			isa = XCRemoteSwiftPackageReference;
			repositoryURL = "https://github.com/SnapKit/SnapKit.git";
			requirement = {
				kind = upToNextMajorVersion;
				minimumVersion = 5.7.1;
			};
		};
/* End XCRemoteSwiftPackageReference section */

/* Begin XCSwiftPackageProductDependency section */
		D8A59BCB2BF22775001BA033 /* SnapKit */ = {
			isa = XCSwiftPackageProductDependency;
			package = D8A59BCA2BF22774001BA033 /* XCRemoteSwiftPackageReference "SnapKit" */;
			productName = SnapKit;
		};
		D8A59BCD2BF22775001BA033 /* SnapKit-Dynamic */ = {
			isa = XCSwiftPackageProductDependency;
			package = D8A59BCA2BF22774001BA033 /* XCRemoteSwiftPackageReference "SnapKit" */;
			productName = "SnapKit-Dynamic";
		};
/* End XCSwiftPackageProductDependency section */
	};
	rootObject = D8A59BAB2BF226C3001BA033 /* Project object */;
}
